// !$*UTF8*$!
{
	archiveVersion = 1;
	classes = {
	};
	objectVersion = 56;
	objects = {

/* Begin PBXBuildFile section */
		151E70572940D970000F9ED0 /* AppDelegate.swift in Sources */ = {isa = PBXBuildFile; fileRef = 151E70562940D970000F9ED0 /* AppDelegate.swift */; };
		151E70592940D970000F9ED0 /* SceneDelegate.swift in Sources */ = {isa = PBXBuildFile; fileRef = 151E70582940D970000F9ED0 /* SceneDelegate.swift */; };
		151E705B2940D970000F9ED0 /* ViewController.swift in Sources */ = {isa = PBXBuildFile; fileRef = 151E705A2940D970000F9ED0 /* ViewController.swift */; };
		151E705E2940D970000F9ED0 /* Main.storyboard in Resources */ = {isa = PBXBuildFile; fileRef = 151E705C2940D970000F9ED0 /* Main.storyboard */; };
		151E70602940D971000F9ED0 /* Assets.xcassets in Resources */ = {isa = PBXBuildFile; fileRef = 151E705F2940D971000F9ED0 /* Assets.xcassets */; };
		151E70632940D971000F9ED0 /* LaunchScreen.storyboard in Resources */ = {isa = PBXBuildFile; fileRef = 151E70612940D971000F9ED0 /* LaunchScreen.storyboard */; };
		151E706B2940D98C000F9ED0 /* Server.swift in Sources */ = {isa = PBXBuildFile; fileRef = 151E706A2940D98C000F9ED0 /* Server.swift */; };
		151E706D2941F990000F9ED0 /* DealCell.xib in Resources */ = {isa = PBXBuildFile; fileRef = 151E706C2941F990000F9ED0 /* DealCell.xib */; };
		151E706F2941FC75000F9ED0 /* DealCell.swift in Sources */ = {isa = PBXBuildFile; fileRef = 151E706E2941FC75000F9ED0 /* DealCell.swift */; };
		155E2E082942CF470094E5DA /* HeaderCell.xib in Resources */ = {isa = PBXBuildFile; fileRef = 155E2E062942CF470094E5DA /* HeaderCell.xib */; };
		155E2E092942CF470094E5DA /* HeaderCell.swift in Sources */ = {isa = PBXBuildFile; fileRef = 155E2E072942CF470094E5DA /* HeaderCell.swift */; };
/* End PBXBuildFile section */

/* Begin PBXFileReference section */
		151E70532940D970000F9ED0 /* TemplateOfDealsViewer.app */ = {isa = PBXFileReference; explicitFileType = wrapper.application; includeInIndex = 0; path = TemplateOfDealsViewer.app; sourceTree = BUILT_PRODUCTS_DIR; };
		151E70562940D970000F9ED0 /* AppDelegate.swift */ = {isa = PBXFileReference; lastKnownFileType = sourcecode.swift; path = AppDelegate.swift; sourceTree = "<group>"; };
		151E70582940D970000F9ED0 /* SceneDelegate.swift */ = {isa = PBXFileReference; lastKnownFileType = sourcecode.swift; path = SceneDelegate.swift; sourceTree = "<group>"; };
		151E705A2940D970000F9ED0 /* ViewController.swift */ = {isa = PBXFileReference; lastKnownFileType = sourcecode.swift; path = ViewController.swift; sourceTree = "<group>"; };
		151E705D2940D970000F9ED0 /* Base */ = {isa = PBXFileReference; lastKnownFileType = file.storyboard; name = Base; path = Base.lproj/Main.storyboard; sourceTree = "<group>"; };
		151E705F2940D971000F9ED0 /* Assets.xcassets */ = {isa = PBXFileReference; lastKnownFileType = folder.assetcatalog; path = Assets.xcassets; sourceTree = "<group>"; };
		151E70622940D971000F9ED0 /* Base */ = {isa = PBXFileReference; lastKnownFileType = file.storyboard; name = Base; path = Base.lproj/LaunchScreen.storyboard; sourceTree = "<group>"; };
		151E70642940D971000F9ED0 /* Info.plist */ = {isa = PBXFileReference; lastKnownFileType = text.plist.xml; path = Info.plist; sourceTree = "<group>"; };
		151E706A2940D98C000F9ED0 /* Server.swift */ = {isa = PBXFileReference; lastKnownFileType = sourcecode.swift; path = Server.swift; sourceTree = "<group>"; };
		151E706C2941F990000F9ED0 /* DealCell.xib */ = {isa = PBXFileReference; fileEncoding = 4; lastKnownFileType = file.xib; path = DealCell.xib; sourceTree = "<group>"; };
		151E706E2941FC75000F9ED0 /* DealCell.swift */ = {isa = PBXFileReference; fileEncoding = 4; lastKnownFileType = sourcecode.swift; path = DealCell.swift; sourceTree = "<group>"; };
		155E2E062942CF470094E5DA /* HeaderCell.xib */ = {isa = PBXFileReference; fileEncoding = 4; lastKnownFileType = file.xib; path = HeaderCell.xib; sourceTree = "<group>"; };
		155E2E072942CF470094E5DA /* HeaderCell.swift */ = {isa = PBXFileReference; fileEncoding = 4; lastKnownFileType = sourcecode.swift; path = HeaderCell.swift; sourceTree = "<group>"; };
/* End PBXFileReference section */

/* Begin PBXFrameworksBuildPhase section */
		151E70502940D970000F9ED0 /* Frameworks */ = {
			isa = PBXFrameworksBuildPhase;
			buildActionMask = 2147483647;
			files = (
			);
			runOnlyForDeploymentPostprocessing = 0;
		};
/* End PBXFrameworksBuildPhase section */

/* Begin PBXGroup section */
		151E704A2940D970000F9ED0 = {
			isa = PBXGroup;
			children = (
				151E70552940D970000F9ED0 /* TemplateOfDealsViewer */,
				151E70542940D970000F9ED0 /* Products */,
			);
			sourceTree = "<group>";
		};
		151E70542940D970000F9ED0 /* Products */ = {
			isa = PBXGroup;
			children = (
				151E70532940D970000F9ED0 /* TemplateOfDealsViewer.app */,
			);
			name = Products;
			sourceTree = "<group>";
		};
		151E70552940D970000F9ED0 /* TemplateOfDealsViewer */ = {
			isa = PBXGroup;
			children = (
				151E70562940D970000F9ED0 /* AppDelegate.swift */,
				151E70582940D970000F9ED0 /* SceneDelegate.swift */,
				151E705A2940D970000F9ED0 /* ViewController.swift */,
				151E705C2940D970000F9ED0 /* Main.storyboard */,
				151E705F2940D971000F9ED0 /* Assets.xcassets */,
				151E70612940D971000F9ED0 /* LaunchScreen.storyboard */,
				151E70642940D971000F9ED0 /* Info.plist */,
				151E706A2940D98C000F9ED0 /* Server.swift */,
				151E706C2941F990000F9ED0 /* DealCell.xib */,
				151E706E2941FC75000F9ED0 /* DealCell.swift */,
				155E2E072942CF470094E5DA /* HeaderCell.swift */,
				155E2E062942CF470094E5DA /* HeaderCell.xib */,
			);
			path = TemplateOfDealsViewer;
			sourceTree = "<group>";
		};
/* End PBXGroup section */

/* Begin PBXNativeTarget section */
		151E70522940D970000F9ED0 /* TemplateOfDealsViewer */ = {
			isa = PBXNativeTarget;
			buildConfigurationList = 151E70672940D971000F9ED0 /* Build configuration list for PBXNativeTarget "TemplateOfDealsViewer" */;
			buildPhases = (
				151E704F2940D970000F9ED0 /* Sources */,
				151E70502940D970000F9ED0 /* Frameworks */,
				151E70512940D970000F9ED0 /* Resources */,
			);
			buildRules = (
			);
			dependencies = (
			);
			name = TemplateOfDealsViewer;
			productName = TemplateOfDealsViewer;
			productReference = 151E70532940D970000F9ED0 /* TemplateOfDealsViewer.app */;
			productType = "com.apple.product-type.application";
		};
/* End PBXNativeTarget section */

/* Begin PBXProject section */
		151E704B2940D970000F9ED0 /* Project object */ = {
			isa = PBXProject;
			attributes = {
				BuildIndependentTargetsInParallel = 1;
				LastSwiftUpdateCheck = 1400;
				LastUpgradeCheck = 1400;
				TargetAttributes = {
					151E70522940D970000F9ED0 = {
						CreatedOnToolsVersion = 14.0.1;
					};
				};
			};
			buildConfigurationList = 151E704E2940D970000F9ED0 /* Build configuration list for PBXProject "TemplateOfDealsViewer" */;
			compatibilityVersion = "Xcode 14.0";
			developmentRegion = en;
			hasScannedForEncodings = 0;
			knownRegions = (
				en,
				Base,
			);
			mainGroup = 151E704A2940D970000F9ED0;
			productRefGroup = 151E70542940D970000F9ED0 /* Products */;
			projectDirPath = "";
			projectRoot = "";
			targets = (
				151E70522940D970000F9ED0 /* TemplateOfDealsViewer */,
			);
		};
/* End PBXProject section */

/* Begin PBXResourcesBuildPhase section */
		151E70512940D970000F9ED0 /* Resources */ = {
			isa = PBXResourcesBuildPhase;
			buildActionMask = 2147483647;
			files = (
				151E706D2941F990000F9ED0 /* DealCell.xib in Resources */,
				151E70632940D971000F9ED0 /* LaunchScreen.storyboard in Resources */,
				151E70602940D971000F9ED0 /* Assets.xcassets in Resources */,
				151E705E2940D970000F9ED0 /* Main.storyboard in Resources */,
				155E2E082942CF470094E5DA /* HeaderCell.xib in Resources */,
			);
			runOnlyForDeploymentPostprocessing = 0;
		};
/* End PBXResourcesBuildPhase section */

/* Begin PBXSourcesBuildPhase section */
		151E704F2940D970000F9ED0 /* Sources */ = {
			isa = PBXSourcesBuildPhase;
			buildActionMask = 2147483647;
			files = (
				151E706F2941FC75000F9ED0 /* DealCell.swift in Sources */,
				151E705B2940D970000F9ED0 /* ViewController.swift in Sources */,
				155E2E092942CF470094E5DA /* HeaderCell.swift in Sources */,
				151E70572940D970000F9ED0 /* AppDelegate.swift in Sources */,
				151E706B2940D98C000F9ED0 /* Server.swift in Sources */,
				151E70592940D970000F9ED0 /* SceneDelegate.swift in Sources */,
			);
			runOnlyForDeploymentPostprocessing = 0;
		};
/* End PBXSourcesBuildPhase section */

/* Begin PBXVariantGroup section */
		151E705C2940D970000F9ED0 /* Main.storyboard */ = {
			isa = PBXVariantGroup;
			children = (
				151E705D2940D970000F9ED0 /* Base */,
			);
			name = Main.storyboard;
			sourceTree = "<group>";
		};
		151E70612940D971000F9ED0 /* LaunchScreen.storyboard */ = {
			isa = PBXVariantGroup;
			children = (
				151E70622940D971000F9ED0 /* Base */,
			);
			name = LaunchScreen.storyboard;
			sourceTree = "<group>";
		};
/* End PBXVariantGroup section */

/* Begin XCBuildConfiguration section */
		151E70652940D971000F9ED0 /* Debug */ = {
			isa = XCBuildConfiguration;
			buildSettings = {
				ALWAYS_SEARCH_USER_PATHS = NO;
				CLANG_ANALYZER_NONNULL = YES;
				CLANG_ANALYZER_NUMBER_OBJECT_CONVERSION = YES_AGGRESSIVE;
				CLANG_CXX_LANGUAGE_STANDARD = "gnu++20";
				CLANG_ENABLE_MODULES = YES;
				CLANG_ENABLE_OBJC_ARC = YES;
				CLANG_ENABLE_OBJC_WEAK = YES;
				CLANG_WARN_BLOCK_CAPTURE_AUTORELEASING = YES;
				CLANG_WARN_BOOL_CONVERSION = YES;
				CLANG_WARN_COMMA = YES;
				CLANG_WARN_CONSTANT_CONVERSION = YES;
				CLANG_WARN_DEPRECATED_OBJC_IMPLEMENTATIONS = YES;
				CLANG_WARN_DIRECT_OBJC_ISA_USAGE = YES_ERROR;
				CLANG_WARN_DOCUMENTATION_COMMENTS = YES;
				CLANG_WARN_EMPTY_BODY = YES;
				CLANG_WARN_ENUM_CONVERSION = YES;
				CLANG_WARN_INFINITE_RECURSION = YES;
				CLANG_WARN_INT_CONVERSION = YES;
				CLANG_WARN_NON_LITERAL_NULL_CONVERSION = YES;
				CLANG_WARN_OBJC_IMPLICIT_RETAIN_SELF = YES;
				CLANG_WARN_OBJC_LITERAL_CONVERSION = YES;
				CLANG_WARN_OBJC_ROOT_CLASS = YES_ERROR;
				CLANG_WARN_QUOTED_INCLUDE_IN_FRAMEWORK_HEADER = YES;
				CLANG_WARN_RANGE_LOOP_ANALYSIS = YES;
				CLANG_WARN_STRICT_PROTOTYPES = YES;
				CLANG_WARN_SUSPICIOUS_MOVE = YES;
				CLANG_WARN_UNGUARDED_AVAILABILITY = YES_AGGRESSIVE;
				CLANG_WARN_UNREACHABLE_CODE = YES;
				CLANG_WARN__DUPLICATE_METHOD_MATCH = YES;
				COPY_PHASE_STRIP = NO;
				DEBUG_INFORMATION_FORMAT = dwarf;
				ENABLE_STRICT_OBJC_MSGSEND = YES;
				ENABLE_TESTABILITY = YES;
				GCC_C_LANGUAGE_STANDARD = gnu11;
				GCC_DYNAMIC_NO_PIC = NO;
				GCC_NO_COMMON_BLOCKS = YES;
				GCC_OPTIMIZATION_LEVEL = 0;
				GCC_PREPROCESSOR_DEFINITIONS = (
					"DEBUG=1",
					"$(inherited)",
				);
				GCC_WARN_64_TO_32_BIT_CONVERSION = YES;
				GCC_WARN_ABOUT_RETURN_TYPE = YES_ERROR;
				GCC_WARN_UNDECLARED_SELECTOR = YES;
				GCC_WARN_UNINITIALIZED_AUTOS = YES_AGGRESSIVE;
				GCC_WARN_UNUSED_FUNCTION = YES;
				GCC_WARN_UNUSED_VARIABLE = YES;
				IPHONEOS_DEPLOYMENT_TARGET = 16.0;
				MTL_ENABLE_DEBUG_INFO = INCLUDE_SOURCE;
				MTL_FAST_MATH = YES;
				ONLY_ACTIVE_ARCH = YES;
				SDKROOT = iphoneos;
				SWIFT_ACTIVE_COMPILATION_CONDITIONS = DEBUG;
				SWIFT_OPTIMIZATION_LEVEL = "-Onone";
			};
			name = Debug;
		};
		151E70662940D971000F9ED0 /* Release */ = {
			isa = XCBuildConfiguration;
			buildSettings = {
				ALWAYS_SEARCH_USER_PATHS = NO;
				CLANG_ANALYZER_NONNULL = YES;
				CLANG_ANALYZER_NUMBER_OBJECT_CONVERSION = YES_AGGRESSIVE;
				CLANG_CXX_LANGUAGE_STANDARD = "gnu++20";
				CLANG_ENABLE_MODULES = YES;
				CLANG_ENABLE_OBJC_ARC = YES;
				CLANG_ENABLE_OBJC_WEAK = YES;
				CLANG_WARN_BLOCK_CAPTURE_AUTORELEASING = YES;
				CLANG_WARN_BOOL_CONVERSION = YES;
				CLANG_WARN_COMMA = YES;
				CLANG_WARN_CONSTANT_CONVERSION = YES;
				CLANG_WARN_DEPRECATED_OBJC_IMPLEMENTATIONS = YES;
				CLANG_WARN_DIRECT_OBJC_ISA_USAGE = YES_ERROR;
				CLANG_WARN_DOCUMENTATION_COMMENTS = YES;
				CLANG_WARN_EMPTY_BODY = YES;
				CLANG_WARN_ENUM_CONVERSION = YES;
				CLANG_WARN_INFINITE_RECURSION = YES;
				CLANG_WARN_INT_CONVERSION = YES;
				CLANG_WARN_NON_LITERAL_NULL_CONVERSION = YES;
				CLANG_WARN_OBJC_IMPLICIT_RETAIN_SELF = YES;
				CLANG_WARN_OBJC_LITERAL_CONVERSION = YES;
				CLANG_WARN_OBJC_ROOT_CLASS = YES_ERROR;
				CLANG_WARN_QUOTED_INCLUDE_IN_FRAMEWORK_HEADER = YES;
				CLANG_WARN_RANGE_LOOP_ANALYSIS = YES;
				CLANG_WARN_STRICT_PROTOTYPES = YES;
				CLANG_WARN_SUSPICIOUS_MOVE = YES;
				CLANG_WARN_UNGUARDED_AVAILABILITY = YES_AGGRESSIVE;
				CLANG_WARN_UNREACHABLE_CODE = YES;
				CLANG_WARN__DUPLICATE_METHOD_MATCH = YES;
				COPY_PHASE_STRIP = NO;
				DEBUG_INFORMATION_FORMAT = "dwarf-with-dsym";
				ENABLE_NS_ASSERTIONS = NO;
				ENABLE_STRICT_OBJC_MSGSEND = YES;
				GCC_C_LANGUAGE_STANDARD = gnu11;
				GCC_NO_COMMON_BLOCKS = YES;
				GCC_WARN_64_TO_32_BIT_CONVERSION = YES;
				GCC_WARN_ABOUT_RETURN_TYPE = YES_ERROR;
				GCC_WARN_UNDECLARED_SELECTOR = YES;
				GCC_WARN_UNINITIALIZED_AUTOS = YES_AGGRESSIVE;
				GCC_WARN_UNUSED_FUNCTION = YES;
				GCC_WARN_UNUSED_VARIABLE = YES;
				IPHONEOS_DEPLOYMENT_TARGET = 16.0;
				MTL_ENABLE_DEBUG_INFO = NO;
				MTL_FAST_MATH = YES;
				SDKROOT = iphoneos;
				SWIFT_COMPILATION_MODE = wholemodule;
				SWIFT_OPTIMIZATION_LEVEL = "-O";
				VALIDATE_PRODUCT = YES;
			};
			name = Release;
		};
		151E70682940D971000F9ED0 /* Debug */ = {
			isa = XCBuildConfiguration;
			buildSettings = {
				ASSETCATALOG_COMPILER_APPICON_NAME = AppIcon;
				ASSETCATALOG_COMPILER_GLOBAL_ACCENT_COLOR_NAME = AccentColor;
				CODE_SIGN_STYLE = Automatic;
				CURRENT_PROJECT_VERSION = 1;
				DEVELOPMENT_TEAM = 9K9C6RY6JG;
				GENERATE_INFOPLIST_FILE = YES;
				INFOPLIST_FILE = TemplateOfDealsViewer/Info.plist;
				INFOPLIST_KEY_UIApplicationSupportsIndirectInputEvents = YES;
				INFOPLIST_KEY_UILaunchStoryboardName = LaunchScreen;
				INFOPLIST_KEY_UIMainStoryboardFile = Main;
				INFOPLIST_KEY_UISupportedInterfaceOrientations_iPad = "UIInterfaceOrientationPortrait UIInterfaceOrientationPortraitUpsideDown UIInterfaceOrientationLandscapeLeft UIInterfaceOrientationLandscapeRight";
				INFOPLIST_KEY_UISupportedInterfaceOrientations_iPhone = "UIInterfaceOrientationPortrait UIInterfaceOrientationLandscapeLeft UIInterfaceOrientationLandscapeRight";
				LD_RUNPATH_SEARCH_PATHS = (
					"$(inherited)",
					"@executable_path/Frameworks",
				);
				MARKETING_VERSION = 1.0;
				PRODUCT_BUNDLE_IDENTIFIER = com.ntprog.TemplateOfDealsViewer;
				PRODUCT_NAME = "$(TARGET_NAME)";
				SWIFT_EMIT_LOC_STRINGS = YES;
				SWIFT_VERSION = 5.0;
				TARGETED_DEVICE_FAMILY = "1,2";
			};
			name = Debug;
		};
		151E70692940D971000F9ED0 /* Release */ = {
			isa = XCBuildConfiguration;
			buildSettings = {
				ASSETCATALOG_COMPILER_APPICON_NAME = AppIcon;
				ASSETCATALOG_COMPILER_GLOBAL_ACCENT_COLOR_NAME = AccentColor;
				CODE_SIGN_STYLE = Automatic;
				CURRENT_PROJECT_VERSION = 1;
				DEVELOPMENT_TEAM = 9K9C6RY6JG;
				GENERATE_INFOPLIST_FILE = YES;
				INFOPLIST_FILE = TemplateOfDealsViewer/Info.plist;
				INFOPLIST_KEY_UIApplicationSupportsIndirectInputEvents = YES;
				INFOPLIST_KEY_UILaunchStoryboardName = LaunchScreen;
				INFOPLIST_KEY_UIMainStoryboardFile = Main;
				INFOPLIST_KEY_UISupportedInterfaceOrientations_iPad = "UIInterfaceOrientationPortrait UIInterfaceOrientationPortraitUpsideDown UIInterfaceOrientationLandscapeLeft UIInterfaceOrientationLandscapeRight";
				INFOPLIST_KEY_UISupportedInterfaceOrientations_iPhone = "UIInterfaceOrientationPortrait UIInterfaceOrientationLandscapeLeft UIInterfaceOrientationLandscapeRight";
				LD_RUNPATH_SEARCH_PATHS = (
					"$(inherited)",
					"@executable_path/Frameworks",
				);
				MARKETING_VERSION = 1.0;
				PRODUCT_BUNDLE_IDENTIFIER = com.ntprog.TemplateOfDealsViewer;
				PRODUCT_NAME = "$(TARGET_NAME)";
				SWIFT_EMIT_LOC_STRINGS = YES;
				SWIFT_VERSION = 5.0;
				TARGETED_DEVICE_FAMILY = "1,2";
			};
			name = Release;
		};
/* End XCBuildConfiguration section */

/* Begin XCConfigurationList section */
		151E704E2940D970000F9ED0 /* Build configuration list for PBXProject "TemplateOfDealsViewer" */ = {
			isa = XCConfigurationList;
			buildConfigurations = (
				151E70652940D971000F9ED0 /* Debug */,
				151E70662940D971000F9ED0 /* Release */,
			);
			defaultConfigurationIsVisible = 0;
			defaultConfigurationName = Release;
		};
		151E70672940D971000F9ED0 /* Build configuration list for PBXNativeTarget "TemplateOfDealsViewer" */ = {
			isa = XCConfigurationList;
			buildConfigurations = (
				151E70682940D971000F9ED0 /* Debug */,
				151E70692940D971000F9ED0 /* Release */,
			);
			defaultConfigurationIsVisible = 0;
			defaultConfigurationName = Release;
		};
/* End XCConfigurationList section */
	};
	rootObject = 151E704B2940D970000F9ED0 /* Project object */;
}
